// !$*UTF8*$!
{
	archiveVersion = 1;
	classes = {
	};
	objectVersion = 56;
	objects = {

/* Begin PBXBuildFile section */
		447762CA28EE1AF1005C6502 /* AppDelegate.swift in Sources */ = {isa = PBXBuildFile; fileRef = 447762C928EE1AF1005C6502 /* AppDelegate.swift */; };
		447762CC28EE1AF1005C6502 /* SceneDelegate.swift in Sources */ = {isa = PBXBuildFile; fileRef = 447762CB28EE1AF1005C6502 /* SceneDelegate.swift */; };
		447762D328EE1AF3005C6502 /* Assets.xcassets in Resources */ = {isa = PBXBuildFile; fileRef = 447762D228EE1AF3005C6502 /* Assets.xcassets */; };
		447762DE28EF659E005C6502 /* Coordinator.swift in Sources */ = {isa = PBXBuildFile; fileRef = 447762DD28EF659E005C6502 /* Coordinator.swift */; };
		447762E028EF6C2F005C6502 /* AppCoordinator.swift in Sources */ = {isa = PBXBuildFile; fileRef = 447762DF28EF6C2F005C6502 /* AppCoordinator.swift */; };
		447762E228F07E44005C6502 /* StoreListViewController.swift in Sources */ = {isa = PBXBuildFile; fileRef = 447762E128F07E44005C6502 /* StoreListViewController.swift */; };
		447762E628F07F0C005C6502 /* StoreListViewModelProtocol.swift in Sources */ = {isa = PBXBuildFile; fileRef = 447762E528F07F0B005C6502 /* StoreListViewModelProtocol.swift */; };
		447762E828F086F0005C6502 /* StoreListCoordinator.swift in Sources */ = {isa = PBXBuildFile; fileRef = 447762E728F086F0005C6502 /* StoreListCoordinator.swift */; };
		447762F028F5E5DA005C6502 /* StoreType.swift in Sources */ = {isa = PBXBuildFile; fileRef = 447762EF28F5E5DA005C6502 /* StoreType.swift */; };
		447762FC28FBA1C4005C6502 /* StoreListViewController+CollectionView.swift in Sources */ = {isa = PBXBuildFile; fileRef = 447762FB28FBA1C4005C6502 /* StoreListViewController+CollectionView.swift */; };
		447762FE28FBA269005C6502 /* StoreListViewController+TableView.swift in Sources */ = {isa = PBXBuildFile; fileRef = 447762FD28FBA269005C6502 /* StoreListViewController+TableView.swift */; };
		4477630128FCB12F005C6502 /* StoreTableViewCell.swift in Sources */ = {isa = PBXBuildFile; fileRef = 4477630028FCB12F005C6502 /* StoreTableViewCell.swift */; };
		4477E8152916B5C10027A060 /* Store.swift in Sources */ = {isa = PBXBuildFile; fileRef = 4477E8142916B5C10027A060 /* Store.swift */; };
		4477E81829174ADB0027A060 /* Alamofire in Frameworks */ = {isa = PBXBuildFile; productRef = 4477E81729174ADB0027A060 /* Alamofire */; };
		44878AF6291B4F160090444A /* Banner.swift in Sources */ = {isa = PBXBuildFile; fileRef = 44878AF5291B4F160090444A /* Banner.swift */; };
		44878AF9291B559C0090444A /* Kingfisher in Frameworks */ = {isa = PBXBuildFile; productRef = 44878AF8291B559C0090444A /* Kingfisher */; };
		4492A7B92905E6CB002CEFFE /* BannerCollectionViewCell.swift in Sources */ = {isa = PBXBuildFile; fileRef = 4492A7B82905E6CB002CEFFE /* BannerCollectionViewCell.swift */; };
		4498984829176C5E00D742A0 /* Constants.swift in Sources */ = {isa = PBXBuildFile; fileRef = 4498984729176C5E00D742A0 /* Constants.swift */; };
		4498984B291833DE00D742A0 /* StoreListService.swift in Sources */ = {isa = PBXBuildFile; fileRef = 4498984A291833DE00D742A0 /* StoreListService.swift */; };
		4498984D29187B3500D742A0 /* StoreListServiceProtocol.swift in Sources */ = {isa = PBXBuildFile; fileRef = 4498984C29187B3500D742A0 /* StoreListServiceProtocol.swift */; };
		4498984F2919AC3900D742A0 /* StoreListViewModel.swift in Sources */ = {isa = PBXBuildFile; fileRef = 4498984E2919AC3900D742A0 /* StoreListViewModel.swift */; };
		854178BA29CE5D3D00E722F3 /* FilterViewModel.swift in Sources */ = {isa = PBXBuildFile; fileRef = 854178B929CE5D3D00E722F3 /* FilterViewModel.swift */; };
		854178BC29CE5E4B00E722F3 /* FilterViewModelProtocol.swift in Sources */ = {isa = PBXBuildFile; fileRef = 854178BB29CE5E4B00E722F3 /* FilterViewModelProtocol.swift */; };
		854178BE29CE800700E722F3 /* Sequence+Extensions.swift in Sources */ = {isa = PBXBuildFile; fileRef = 854178BD29CE800700E722F3 /* Sequence+Extensions.swift */; };
		854178C129CE858200E722F3 /* FilterViewController+TableView.swift in Sources */ = {isa = PBXBuildFile; fileRef = 854178C029CE858200E722F3 /* FilterViewController+TableView.swift */; };
		8566A10F29BCC64500E8BA11 /* SearchResultsViewController.swift in Sources */ = {isa = PBXBuildFile; fileRef = 8566A10E29BCC64500E8BA11 /* SearchResultsViewController.swift */; };
		8566A11129BD431F00E8BA11 /* SearchResultsViewModel.swift in Sources */ = {isa = PBXBuildFile; fileRef = 8566A11029BD431F00E8BA11 /* SearchResultsViewModel.swift */; };
		8566A11329BE132C00E8BA11 /* SearchResultsViewModelProtocol.swift in Sources */ = {isa = PBXBuildFile; fileRef = 8566A11229BE132C00E8BA11 /* SearchResultsViewModelProtocol.swift */; };
		858275F229EA312C00EC96F6 /* StoreTableViewCellDelegate.swift in Sources */ = {isa = PBXBuildFile; fileRef = 858275F129EA312C00EC96F6 /* StoreTableViewCellDelegate.swift */; };
		85942FE529C3F3960044295C /* FilterViewController.swift in Sources */ = {isa = PBXBuildFile; fileRef = 85942FE429C3F3960044295C /* FilterViewController.swift */; };
		85942FE729C619620044295C /* SortMenuSate.swift in Sources */ = {isa = PBXBuildFile; fileRef = 85942FE629C619620044295C /* SortMenuSate.swift */; };
		85942FEB29C7CB690044295C /* StoreListActionsProtocol.swift in Sources */ = {isa = PBXBuildFile; fileRef = 85942FEA29C7CB690044295C /* StoreListActionsProtocol.swift */; };
		85942FF329C8AB9A0044295C /* SortButton.swift in Sources */ = {isa = PBXBuildFile; fileRef = 85942FF229C8AB9A0044295C /* SortButton.swift */; };
		85A26D9529BA636700D47823 /* IceCreamCake.xcdatamodeld in Sources */ = {isa = PBXBuildFile; fileRef = 85A26D9329BA636700D47823 /* IceCreamCake.xcdatamodeld */; };
		85A26D9829BA6B3700D47823 /* FavoriteStore+CoreDataClass.swift in Sources */ = {isa = PBXBuildFile; fileRef = 85A26D9629BA6B3700D47823 /* FavoriteStore+CoreDataClass.swift */; };
		85EF294F29C1069C0020DDDD /* SearchResultsViewController+TableView.swift in Sources */ = {isa = PBXBuildFile; fileRef = 85EF294E29C1069C0020DDDD /* SearchResultsViewController+TableView.swift */; };
		85FF793629DA3E520035BF87 /* FilterDelegate.swift in Sources */ = {isa = PBXBuildFile; fileRef = 85FF793529DA3E520035BF87 /* FilterDelegate.swift */; };
		85FF793829DE33EC0035BF87 /* StoreListActionsViewModel.swift in Sources */ = {isa = PBXBuildFile; fileRef = 85FF793729DE33EC0035BF87 /* StoreListActionsViewModel.swift */; };
		85FF793B29E779C30035BF87 /* FavoriteStoresViewController.swift in Sources */ = {isa = PBXBuildFile; fileRef = 85FF793A29E779C30035BF87 /* FavoriteStoresViewController.swift */; };
		85FF793E29E77AD40035BF87 /* FavoriteStoresViewController+TableView.swift in Sources */ = {isa = PBXBuildFile; fileRef = 85FF793D29E77AD40035BF87 /* FavoriteStoresViewController+TableView.swift */; };
		85FF794129E8E7200035BF87 /* FavoriteStoresViewModel.swift in Sources */ = {isa = PBXBuildFile; fileRef = 85FF794029E8E7200035BF87 /* FavoriteStoresViewModel.swift */; };
		85FF794329E8E7E90035BF87 /* FavoriteStoresViewModelProtocol.swift in Sources */ = {isa = PBXBuildFile; fileRef = 85FF794229E8E7E90035BF87 /* FavoriteStoresViewModelProtocol.swift */; };
/* End PBXBuildFile section */

/* Begin PBXFileReference section */
		447762C628EE1AF1005C6502 /* IceCreamCake.app */ = {isa = PBXFileReference; explicitFileType = wrapper.application; includeInIndex = 0; path = IceCreamCake.app; sourceTree = BUILT_PRODUCTS_DIR; };
		447762C928EE1AF1005C6502 /* AppDelegate.swift */ = {isa = PBXFileReference; lastKnownFileType = sourcecode.swift; path = AppDelegate.swift; sourceTree = "<group>"; };
		447762CB28EE1AF1005C6502 /* SceneDelegate.swift */ = {isa = PBXFileReference; lastKnownFileType = sourcecode.swift; path = SceneDelegate.swift; sourceTree = "<group>"; };
		447762D228EE1AF3005C6502 /* Assets.xcassets */ = {isa = PBXFileReference; lastKnownFileType = folder.assetcatalog; path = Assets.xcassets; sourceTree = "<group>"; };
		447762D728EE1AF3005C6502 /* Info.plist */ = {isa = PBXFileReference; lastKnownFileType = text.plist.xml; path = Info.plist; sourceTree = "<group>"; };
		447762DD28EF659E005C6502 /* Coordinator.swift */ = {isa = PBXFileReference; lastKnownFileType = sourcecode.swift; path = Coordinator.swift; sourceTree = "<group>"; };
		447762DF28EF6C2F005C6502 /* AppCoordinator.swift */ = {isa = PBXFileReference; lastKnownFileType = sourcecode.swift; path = AppCoordinator.swift; sourceTree = "<group>"; };
		447762E128F07E44005C6502 /* StoreListViewController.swift */ = {isa = PBXFileReference; lastKnownFileType = sourcecode.swift; path = StoreListViewController.swift; sourceTree = "<group>"; };
		447762E528F07F0B005C6502 /* StoreListViewModelProtocol.swift */ = {isa = PBXFileReference; lastKnownFileType = sourcecode.swift; path = StoreListViewModelProtocol.swift; sourceTree = "<group>"; };
		447762E728F086F0005C6502 /* StoreListCoordinator.swift */ = {isa = PBXFileReference; lastKnownFileType = sourcecode.swift; path = StoreListCoordinator.swift; sourceTree = "<group>"; };
		447762EF28F5E5DA005C6502 /* StoreType.swift */ = {isa = PBXFileReference; lastKnownFileType = sourcecode.swift; path = StoreType.swift; sourceTree = "<group>"; };
		447762FB28FBA1C4005C6502 /* StoreListViewController+CollectionView.swift */ = {isa = PBXFileReference; lastKnownFileType = sourcecode.swift; path = "StoreListViewController+CollectionView.swift"; sourceTree = "<group>"; };
		447762FD28FBA269005C6502 /* StoreListViewController+TableView.swift */ = {isa = PBXFileReference; lastKnownFileType = sourcecode.swift; path = "StoreListViewController+TableView.swift"; sourceTree = "<group>"; };
		4477630028FCB12F005C6502 /* StoreTableViewCell.swift */ = {isa = PBXFileReference; lastKnownFileType = sourcecode.swift; path = StoreTableViewCell.swift; sourceTree = "<group>"; };
		4477E8142916B5C10027A060 /* Store.swift */ = {isa = PBXFileReference; lastKnownFileType = sourcecode.swift; path = Store.swift; sourceTree = "<group>"; };
		44878AF5291B4F160090444A /* Banner.swift */ = {isa = PBXFileReference; lastKnownFileType = sourcecode.swift; path = Banner.swift; sourceTree = "<group>"; };
		4492A7B82905E6CB002CEFFE /* BannerCollectionViewCell.swift */ = {isa = PBXFileReference; lastKnownFileType = sourcecode.swift; path = BannerCollectionViewCell.swift; sourceTree = "<group>"; };
		4498984729176C5E00D742A0 /* Constants.swift */ = {isa = PBXFileReference; lastKnownFileType = sourcecode.swift; path = Constants.swift; sourceTree = "<group>"; };
		4498984A291833DE00D742A0 /* StoreListService.swift */ = {isa = PBXFileReference; lastKnownFileType = sourcecode.swift; path = StoreListService.swift; sourceTree = "<group>"; };
		4498984C29187B3500D742A0 /* StoreListServiceProtocol.swift */ = {isa = PBXFileReference; lastKnownFileType = sourcecode.swift; path = StoreListServiceProtocol.swift; sourceTree = "<group>"; };
		4498984E2919AC3900D742A0 /* StoreListViewModel.swift */ = {isa = PBXFileReference; lastKnownFileType = sourcecode.swift; path = StoreListViewModel.swift; sourceTree = "<group>"; };
		854178B929CE5D3D00E722F3 /* FilterViewModel.swift */ = {isa = PBXFileReference; lastKnownFileType = sourcecode.swift; path = FilterViewModel.swift; sourceTree = "<group>"; };
		854178BB29CE5E4B00E722F3 /* FilterViewModelProtocol.swift */ = {isa = PBXFileReference; lastKnownFileType = sourcecode.swift; path = FilterViewModelProtocol.swift; sourceTree = "<group>"; };
		854178BD29CE800700E722F3 /* Sequence+Extensions.swift */ = {isa = PBXFileReference; lastKnownFileType = sourcecode.swift; path = "Sequence+Extensions.swift"; sourceTree = "<group>"; };
		854178C029CE858200E722F3 /* FilterViewController+TableView.swift */ = {isa = PBXFileReference; lastKnownFileType = sourcecode.swift; path = "FilterViewController+TableView.swift"; sourceTree = "<group>"; };
		8566A10E29BCC64500E8BA11 /* SearchResultsViewController.swift */ = {isa = PBXFileReference; lastKnownFileType = sourcecode.swift; path = SearchResultsViewController.swift; sourceTree = "<group>"; };
		8566A11029BD431F00E8BA11 /* SearchResultsViewModel.swift */ = {isa = PBXFileReference; lastKnownFileType = sourcecode.swift; path = SearchResultsViewModel.swift; sourceTree = "<group>"; };
		8566A11229BE132C00E8BA11 /* SearchResultsViewModelProtocol.swift */ = {isa = PBXFileReference; lastKnownFileType = sourcecode.swift; path = SearchResultsViewModelProtocol.swift; sourceTree = "<group>"; };
		858275F129EA312C00EC96F6 /* StoreTableViewCellDelegate.swift */ = {isa = PBXFileReference; lastKnownFileType = sourcecode.swift; path = StoreTableViewCellDelegate.swift; sourceTree = "<group>"; };
		85942FE429C3F3960044295C /* FilterViewController.swift */ = {isa = PBXFileReference; lastKnownFileType = sourcecode.swift; path = FilterViewController.swift; sourceTree = "<group>"; };
		85942FE629C619620044295C /* SortMenuSate.swift */ = {isa = PBXFileReference; lastKnownFileType = sourcecode.swift; path = SortMenuSate.swift; sourceTree = "<group>"; };
		85942FEA29C7CB690044295C /* StoreListActionsProtocol.swift */ = {isa = PBXFileReference; lastKnownFileType = sourcecode.swift; path = StoreListActionsProtocol.swift; sourceTree = "<group>"; };
		85942FF229C8AB9A0044295C /* SortButton.swift */ = {isa = PBXFileReference; lastKnownFileType = sourcecode.swift; path = SortButton.swift; sourceTree = "<group>"; };
		85A26D9429BA636700D47823 /* IceCreamCake.xcdatamodel */ = {isa = PBXFileReference; lastKnownFileType = wrapper.xcdatamodel; path = IceCreamCake.xcdatamodel; sourceTree = "<group>"; };
		85A26D9629BA6B3700D47823 /* FavoriteStore+CoreDataClass.swift */ = {isa = PBXFileReference; lastKnownFileType = sourcecode.swift; path = "FavoriteStore+CoreDataClass.swift"; sourceTree = "<group>"; };
		85EF294E29C1069C0020DDDD /* SearchResultsViewController+TableView.swift */ = {isa = PBXFileReference; lastKnownFileType = sourcecode.swift; path = "SearchResultsViewController+TableView.swift"; sourceTree = "<group>"; };
		85FF793529DA3E520035BF87 /* FilterDelegate.swift */ = {isa = PBXFileReference; lastKnownFileType = sourcecode.swift; path = FilterDelegate.swift; sourceTree = "<group>"; };
		85FF793729DE33EC0035BF87 /* StoreListActionsViewModel.swift */ = {isa = PBXFileReference; lastKnownFileType = sourcecode.swift; path = StoreListActionsViewModel.swift; sourceTree = "<group>"; };
		85FF793A29E779C30035BF87 /* FavoriteStoresViewController.swift */ = {isa = PBXFileReference; lastKnownFileType = sourcecode.swift; path = FavoriteStoresViewController.swift; sourceTree = "<group>"; };
		85FF793D29E77AD40035BF87 /* FavoriteStoresViewController+TableView.swift */ = {isa = PBXFileReference; lastKnownFileType = sourcecode.swift; path = "FavoriteStoresViewController+TableView.swift"; sourceTree = "<group>"; };
		85FF794029E8E7200035BF87 /* FavoriteStoresViewModel.swift */ = {isa = PBXFileReference; lastKnownFileType = sourcecode.swift; path = FavoriteStoresViewModel.swift; sourceTree = "<group>"; };
		85FF794229E8E7E90035BF87 /* FavoriteStoresViewModelProtocol.swift */ = {isa = PBXFileReference; lastKnownFileType = sourcecode.swift; path = FavoriteStoresViewModelProtocol.swift; sourceTree = "<group>"; };
/* End PBXFileReference section */

/* Begin PBXFrameworksBuildPhase section */
		447762C328EE1AF1005C6502 /* Frameworks */ = {
			isa = PBXFrameworksBuildPhase;
			buildActionMask = 2147483647;
			files = (
				44878AF9291B559C0090444A /* Kingfisher in Frameworks */,
				4477E81829174ADB0027A060 /* Alamofire in Frameworks */,
			);
			runOnlyForDeploymentPostprocessing = 0;
		};
/* End PBXFrameworksBuildPhase section */

/* Begin PBXGroup section */
		447762BD28EE1AF1005C6502 = {
			isa = PBXGroup;
			children = (
				447762C828EE1AF1005C6502 /* IceCreamCake */,
				447762C728EE1AF1005C6502 /* Products */,
			);
			sourceTree = "<group>";
		};
		447762C728EE1AF1005C6502 /* Products */ = {
			isa = PBXGroup;
			children = (
				447762C628EE1AF1005C6502 /* IceCreamCake.app */,
			);
			name = Products;
			sourceTree = "<group>";
		};
		447762C828EE1AF1005C6502 /* IceCreamCake */ = {
			isa = PBXGroup;
			children = (
				447762FA28F79C56005C6502 /* Coordinator */,
				447762F828F79C16005C6502 /* StoreList */,
				447762C928EE1AF1005C6502 /* AppDelegate.swift */,
				447762CB28EE1AF1005C6502 /* SceneDelegate.swift */,
				447762D228EE1AF3005C6502 /* Assets.xcassets */,
				447762D728EE1AF3005C6502 /* Info.plist */,
				4498984729176C5E00D742A0 /* Constants.swift */,
				85A26D9329BA636700D47823 /* IceCreamCake.xcdatamodeld */,
				85A26D9A29BA6B8300D47823 /* FavoriteStore */,
			);
			path = IceCreamCake;
			sourceTree = "<group>";
		};
		447762F828F79C16005C6502 /* StoreList */ = {
			isa = PBXGroup;
			children = (
				85FF793929E7798F0035BF87 /* FavoriteStores */,
				447762E728F086F0005C6502 /* StoreListCoordinator.swift */,
				447762E128F07E44005C6502 /* StoreListViewController.swift */,
				85942FE829C6554D0044295C /* ViewModel */,
				4477E8132916B5B00027A060 /* Model */,
				447762FF28FCAF21005C6502 /* CustomViews */,
				44989849291833C900D742A0 /* Service */,
				449898502919ECD500D742A0 /* Extensions */,
				85942FE929C655640044295C /* Enum */,
				8566A10D29BCC30400E8BA11 /* SearchResults */,
				85942FE329C3F2C90044295C /* FilterModal */,
				85942FEA29C7CB690044295C /* StoreListActionsProtocol.swift */,
				85FF793729DE33EC0035BF87 /* StoreListActionsViewModel.swift */,
			);
			path = StoreList;
			sourceTree = "<group>";
		};
		447762FA28F79C56005C6502 /* Coordinator */ = {
			isa = PBXGroup;
			children = (
				447762DD28EF659E005C6502 /* Coordinator.swift */,
				447762DF28EF6C2F005C6502 /* AppCoordinator.swift */,
			);
			path = Coordinator;
			sourceTree = "<group>";
		};
		447762FF28FCAF21005C6502 /* CustomViews */ = {
			isa = PBXGroup;
			children = (
				4477630028FCB12F005C6502 /* StoreTableViewCell.swift */,
				4492A7B82905E6CB002CEFFE /* BannerCollectionViewCell.swift */,
				85942FF229C8AB9A0044295C /* SortButton.swift */,
				858275F129EA312C00EC96F6 /* StoreTableViewCellDelegate.swift */,
			);
			path = CustomViews;
			sourceTree = "<group>";
		};
		4477E8132916B5B00027A060 /* Model */ = {
			isa = PBXGroup;
			children = (
				4477E8142916B5C10027A060 /* Store.swift */,
				44878AF5291B4F160090444A /* Banner.swift */,
			);
			path = Model;
			sourceTree = "<group>";
		};
		44989849291833C900D742A0 /* Service */ = {
			isa = PBXGroup;
			children = (
				4498984A291833DE00D742A0 /* StoreListService.swift */,
				4498984C29187B3500D742A0 /* StoreListServiceProtocol.swift */,
			);
			path = Service;
			sourceTree = "<group>";
		};
		449898502919ECD500D742A0 /* Extensions */ = {
			isa = PBXGroup;
			children = (
				447762FD28FBA269005C6502 /* StoreListViewController+TableView.swift */,
				447762FB28FBA1C4005C6502 /* StoreListViewController+CollectionView.swift */,
				854178BD29CE800700E722F3 /* Sequence+Extensions.swift */,
			);
			path = Extensions;
			sourceTree = "<group>";
		};
		854178BF29CE856B00E722F3 /* Extensions */ = {
			isa = PBXGroup;
			children = (
				854178C029CE858200E722F3 /* FilterViewController+TableView.swift */,
			);
			path = Extensions;
			sourceTree = "<group>";
		};
		8566A10D29BCC30400E8BA11 /* SearchResults */ = {
			isa = PBXGroup;
			children = (
				8566A10E29BCC64500E8BA11 /* SearchResultsViewController.swift */,
				8566A11029BD431F00E8BA11 /* SearchResultsViewModel.swift */,
				8566A11229BE132C00E8BA11 /* SearchResultsViewModelProtocol.swift */,
				85EF295029C106BF0020DDDD /* Extensions */,
			);
			path = SearchResults;
			sourceTree = "<group>";
		};
		85942FE329C3F2C90044295C /* FilterModal */ = {
			isa = PBXGroup;
			children = (
				85942FE429C3F3960044295C /* FilterViewController.swift */,
				854178B929CE5D3D00E722F3 /* FilterViewModel.swift */,
				854178BB29CE5E4B00E722F3 /* FilterViewModelProtocol.swift */,
				85FF793529DA3E520035BF87 /* FilterDelegate.swift */,
				854178BF29CE856B00E722F3 /* Extensions */,
			);
			path = FilterModal;
			sourceTree = "<group>";
		};
		85942FE829C6554D0044295C /* ViewModel */ = {
			isa = PBXGroup;
			children = (
				4498984E2919AC3900D742A0 /* StoreListViewModel.swift */,
				447762E528F07F0B005C6502 /* StoreListViewModelProtocol.swift */,
			);
			path = ViewModel;
			sourceTree = "<group>";
		};
		85942FE929C655640044295C /* Enum */ = {
			isa = PBXGroup;
			children = (
				447762EF28F5E5DA005C6502 /* StoreType.swift */,
				85942FE629C619620044295C /* SortMenuSate.swift */,
			);
			path = Enum;
			sourceTree = "<group>";
		};
		85A26D9A29BA6B8300D47823 /* FavoriteStore */ = {
			isa = PBXGroup;
			children = (
				85A26D9629BA6B3700D47823 /* FavoriteStore+CoreDataClass.swift */,
			);
			path = FavoriteStore;
			sourceTree = "<group>";
		};
		85EF295029C106BF0020DDDD /* Extensions */ = {
			isa = PBXGroup;
			children = (
				85EF294E29C1069C0020DDDD /* SearchResultsViewController+TableView.swift */,
			);
			path = Extensions;
			sourceTree = "<group>";
		};
		85FF793929E7798F0035BF87 /* FavoriteStores */ = {
			isa = PBXGroup;
			children = (
				85FF793A29E779C30035BF87 /* FavoriteStoresViewController.swift */,
				85FF793F29E8E6EC0035BF87 /* ViewModel */,
				85FF793C29E77AB70035BF87 /* Extensions */,
			);
			path = FavoriteStores;
			sourceTree = "<group>";
		};
		85FF793C29E77AB70035BF87 /* Extensions */ = {
			isa = PBXGroup;
			children = (
				85FF793D29E77AD40035BF87 /* FavoriteStoresViewController+TableView.swift */,
			);
			path = Extensions;
			sourceTree = "<group>";
		};
		85FF793F29E8E6EC0035BF87 /* ViewModel */ = {
			isa = PBXGroup;
			children = (
				85FF794029E8E7200035BF87 /* FavoriteStoresViewModel.swift */,
				85FF794229E8E7E90035BF87 /* FavoriteStoresViewModelProtocol.swift */,
			);
			path = ViewModel;
			sourceTree = "<group>";
		};
/* End PBXGroup section */

/* Begin PBXNativeTarget section */
		447762C528EE1AF1005C6502 /* IceCreamCake */ = {
			isa = PBXNativeTarget;
			buildConfigurationList = 447762DA28EE1AF3005C6502 /* Build configuration list for PBXNativeTarget "IceCreamCake" */;
			buildPhases = (
				447762C228EE1AF1005C6502 /* Sources */,
				447762C328EE1AF1005C6502 /* Frameworks */,
				447762C428EE1AF1005C6502 /* Resources */,
			);
			buildRules = (
			);
			dependencies = (
			);
			name = IceCreamCake;
			packageProductDependencies = (
				4477E81729174ADB0027A060 /* Alamofire */,
				44878AF8291B559C0090444A /* Kingfisher */,
			);
			productName = IceCreamCake;
			productReference = 447762C628EE1AF1005C6502 /* IceCreamCake.app */;
			productType = "com.apple.product-type.application";
		};
/* End PBXNativeTarget section */

/* Begin PBXProject section */
		447762BE28EE1AF1005C6502 /* Project object */ = {
			isa = PBXProject;
			attributes = {
				BuildIndependentTargetsInParallel = 1;
				LastSwiftUpdateCheck = 1400;
				LastUpgradeCheck = 1400;
				TargetAttributes = {
					447762C528EE1AF1005C6502 = {
						CreatedOnToolsVersion = 14.0;
					};
				};
			};
			buildConfigurationList = 447762C128EE1AF1005C6502 /* Build configuration list for PBXProject "IceCreamCake" */;
			compatibilityVersion = "Xcode 14.0";
			developmentRegion = en;
			hasScannedForEncodings = 0;
			knownRegions = (
				en,
				Base,
			);
			mainGroup = 447762BD28EE1AF1005C6502;
			packageReferences = (
				4477E81629174ADB0027A060 /* XCRemoteSwiftPackageReference "Alamofire" */,
				44878AF7291B559C0090444A /* XCRemoteSwiftPackageReference "Kingfisher" */,
			);
			productRefGroup = 447762C728EE1AF1005C6502 /* Products */;
			projectDirPath = "";
			projectRoot = "";
			targets = (
				447762C528EE1AF1005C6502 /* IceCreamCake */,
			);
		};
/* End PBXProject section */

/* Begin PBXResourcesBuildPhase section */
		447762C428EE1AF1005C6502 /* Resources */ = {
			isa = PBXResourcesBuildPhase;
			buildActionMask = 2147483647;
			files = (
				447762D328EE1AF3005C6502 /* Assets.xcassets in Resources */,
			);
			runOnlyForDeploymentPostprocessing = 0;
		};
/* End PBXResourcesBuildPhase section */

/* Begin PBXSourcesBuildPhase section */
		447762C228EE1AF1005C6502 /* Sources */ = {
			isa = PBXSourcesBuildPhase;
			buildActionMask = 2147483647;
			files = (
				854178BC29CE5E4B00E722F3 /* FilterViewModelProtocol.swift in Sources */,
				447762CA28EE1AF1005C6502 /* AppDelegate.swift in Sources */,
				854178C129CE858200E722F3 /* FilterViewController+TableView.swift in Sources */,
				8566A11129BD431F00E8BA11 /* SearchResultsViewModel.swift in Sources */,
				4498984829176C5E00D742A0 /* Constants.swift in Sources */,
				447762E828F086F0005C6502 /* StoreListCoordinator.swift in Sources */,
				85942FE729C619620044295C /* SortMenuSate.swift in Sources */,
				4477E8152916B5C10027A060 /* Store.swift in Sources */,
				85FF793E29E77AD40035BF87 /* FavoriteStoresViewController+TableView.swift in Sources */,
				8566A11329BE132C00E8BA11 /* SearchResultsViewModelProtocol.swift in Sources */,
				4492A7B92905E6CB002CEFFE /* BannerCollectionViewCell.swift in Sources */,
				854178BE29CE800700E722F3 /* Sequence+Extensions.swift in Sources */,
				447762FE28FBA269005C6502 /* StoreListViewController+TableView.swift in Sources */,
				4498984F2919AC3900D742A0 /* StoreListViewModel.swift in Sources */,
				4477630128FCB12F005C6502 /* StoreTableViewCell.swift in Sources */,
				85942FE529C3F3960044295C /* FilterViewController.swift in Sources */,
				447762E028EF6C2F005C6502 /* AppCoordinator.swift in Sources */,
				85FF793829DE33EC0035BF87 /* StoreListActionsViewModel.swift in Sources */,
				85FF794129E8E7200035BF87 /* FavoriteStoresViewModel.swift in Sources */,
				447762F028F5E5DA005C6502 /* StoreType.swift in Sources */,
				447762DE28EF659E005C6502 /* Coordinator.swift in Sources */,
				85A26D9829BA6B3700D47823 /* FavoriteStore+CoreDataClass.swift in Sources */,
				44878AF6291B4F160090444A /* Banner.swift in Sources */,
				4498984B291833DE00D742A0 /* StoreListService.swift in Sources */,
				447762E628F07F0C005C6502 /* StoreListViewModelProtocol.swift in Sources */,
				85A26D9529BA636700D47823 /* IceCreamCake.xcdatamodeld in Sources */,
				85942FF329C8AB9A0044295C /* SortButton.swift in Sources */,
				85FF793629DA3E520035BF87 /* FilterDelegate.swift in Sources */,
				447762FC28FBA1C4005C6502 /* StoreListViewController+CollectionView.swift in Sources */,
				854178BA29CE5D3D00E722F3 /* FilterViewModel.swift in Sources */,
				85EF294F29C1069C0020DDDD /* SearchResultsViewController+TableView.swift in Sources */,
				858275F229EA312C00EC96F6 /* StoreTableViewCellDelegate.swift in Sources */,
				85942FEB29C7CB690044295C /* StoreListActionsProtocol.swift in Sources */,
				85FF794329E8E7E90035BF87 /* FavoriteStoresViewModelProtocol.swift in Sources */,
				447762CC28EE1AF1005C6502 /* SceneDelegate.swift in Sources */,
				4498984D29187B3500D742A0 /* StoreListServiceProtocol.swift in Sources */,
				85FF793B29E779C30035BF87 /* FavoriteStoresViewController.swift in Sources */,
				8566A10F29BCC64500E8BA11 /* SearchResultsViewController.swift in Sources */,
				447762E228F07E44005C6502 /* StoreListViewController.swift in Sources */,
			);
			runOnlyForDeploymentPostprocessing = 0;
		};
/* End PBXSourcesBuildPhase section */

/* Begin XCBuildConfiguration section */
		447762D828EE1AF3005C6502 /* Debug */ = {
			isa = XCBuildConfiguration;
			buildSettings = {
				ALWAYS_SEARCH_USER_PATHS = NO;
				CLANG_ANALYZER_NONNULL = YES;
				CLANG_ANALYZER_NUMBER_OBJECT_CONVERSION = YES_AGGRESSIVE;
				CLANG_CXX_LANGUAGE_STANDARD = "gnu++20";
				CLANG_ENABLE_MODULES = YES;
				CLANG_ENABLE_OBJC_ARC = YES;
				CLANG_ENABLE_OBJC_WEAK = YES;
				CLANG_WARN_BLOCK_CAPTURE_AUTORELEASING = YES;
				CLANG_WARN_BOOL_CONVERSION = YES;
				CLANG_WARN_COMMA = YES;
				CLANG_WARN_CONSTANT_CONVERSION = YES;
				CLANG_WARN_DEPRECATED_OBJC_IMPLEMENTATIONS = YES;
				CLANG_WARN_DIRECT_OBJC_ISA_USAGE = YES_ERROR;
				CLANG_WARN_DOCUMENTATION_COMMENTS = YES;
				CLANG_WARN_EMPTY_BODY = YES;
				CLANG_WARN_ENUM_CONVERSION = YES;
				CLANG_WARN_INFINITE_RECURSION = YES;
				CLANG_WARN_INT_CONVERSION = YES;
				CLANG_WARN_NON_LITERAL_NULL_CONVERSION = YES;
				CLANG_WARN_OBJC_IMPLICIT_RETAIN_SELF = YES;
				CLANG_WARN_OBJC_LITERAL_CONVERSION = YES;
				CLANG_WARN_OBJC_ROOT_CLASS = YES_ERROR;
				CLANG_WARN_QUOTED_INCLUDE_IN_FRAMEWORK_HEADER = YES;
				CLANG_WARN_RANGE_LOOP_ANALYSIS = YES;
				CLANG_WARN_STRICT_PROTOTYPES = YES;
				CLANG_WARN_SUSPICIOUS_MOVE = YES;
				CLANG_WARN_UNGUARDED_AVAILABILITY = YES_AGGRESSIVE;
				CLANG_WARN_UNREACHABLE_CODE = YES;
				CLANG_WARN__DUPLICATE_METHOD_MATCH = YES;
				COPY_PHASE_STRIP = NO;
				DEBUG_INFORMATION_FORMAT = dwarf;
				ENABLE_STRICT_OBJC_MSGSEND = YES;
				ENABLE_TESTABILITY = YES;
				GCC_C_LANGUAGE_STANDARD = gnu11;
				GCC_DYNAMIC_NO_PIC = NO;
				GCC_NO_COMMON_BLOCKS = YES;
				GCC_OPTIMIZATION_LEVEL = 0;
				GCC_PREPROCESSOR_DEFINITIONS = (
					"DEBUG=1",
					"$(inherited)",
				);
				GCC_WARN_64_TO_32_BIT_CONVERSION = YES;
				GCC_WARN_ABOUT_RETURN_TYPE = YES_ERROR;
				GCC_WARN_UNDECLARED_SELECTOR = YES;
				GCC_WARN_UNINITIALIZED_AUTOS = YES_AGGRESSIVE;
				GCC_WARN_UNUSED_FUNCTION = YES;
				GCC_WARN_UNUSED_VARIABLE = YES;
				IPHONEOS_DEPLOYMENT_TARGET = 16.0;
				MTL_ENABLE_DEBUG_INFO = INCLUDE_SOURCE;
				MTL_FAST_MATH = YES;
				ONLY_ACTIVE_ARCH = YES;
				SDKROOT = iphoneos;
				SWIFT_ACTIVE_COMPILATION_CONDITIONS = DEBUG;
				SWIFT_OPTIMIZATION_LEVEL = "-Onone";
			};
			name = Debug;
		};
		447762D928EE1AF3005C6502 /* Release */ = {
			isa = XCBuildConfiguration;
			buildSettings = {
				ALWAYS_SEARCH_USER_PATHS = NO;
				CLANG_ANALYZER_NONNULL = YES;
				CLANG_ANALYZER_NUMBER_OBJECT_CONVERSION = YES_AGGRESSIVE;
				CLANG_CXX_LANGUAGE_STANDARD = "gnu++20";
				CLANG_ENABLE_MODULES = YES;
				CLANG_ENABLE_OBJC_ARC = YES;
				CLANG_ENABLE_OBJC_WEAK = YES;
				CLANG_WARN_BLOCK_CAPTURE_AUTORELEASING = YES;
				CLANG_WARN_BOOL_CONVERSION = YES;
				CLANG_WARN_COMMA = YES;
				CLANG_WARN_CONSTANT_CONVERSION = YES;
				CLANG_WARN_DEPRECATED_OBJC_IMPLEMENTATIONS = YES;
				CLANG_WARN_DIRECT_OBJC_ISA_USAGE = YES_ERROR;
				CLANG_WARN_DOCUMENTATION_COMMENTS = YES;
				CLANG_WARN_EMPTY_BODY = YES;
				CLANG_WARN_ENUM_CONVERSION = YES;
				CLANG_WARN_INFINITE_RECURSION = YES;
				CLANG_WARN_INT_CONVERSION = YES;
				CLANG_WARN_NON_LITERAL_NULL_CONVERSION = YES;
				CLANG_WARN_OBJC_IMPLICIT_RETAIN_SELF = YES;
				CLANG_WARN_OBJC_LITERAL_CONVERSION = YES;
				CLANG_WARN_OBJC_ROOT_CLASS = YES_ERROR;
				CLANG_WARN_QUOTED_INCLUDE_IN_FRAMEWORK_HEADER = YES;
				CLANG_WARN_RANGE_LOOP_ANALYSIS = YES;
				CLANG_WARN_STRICT_PROTOTYPES = YES;
				CLANG_WARN_SUSPICIOUS_MOVE = YES;
				CLANG_WARN_UNGUARDED_AVAILABILITY = YES_AGGRESSIVE;
				CLANG_WARN_UNREACHABLE_CODE = YES;
				CLANG_WARN__DUPLICATE_METHOD_MATCH = YES;
				COPY_PHASE_STRIP = NO;
				DEBUG_INFORMATION_FORMAT = "dwarf-with-dsym";
				ENABLE_NS_ASSERTIONS = NO;
				ENABLE_STRICT_OBJC_MSGSEND = YES;
				GCC_C_LANGUAGE_STANDARD = gnu11;
				GCC_NO_COMMON_BLOCKS = YES;
				GCC_WARN_64_TO_32_BIT_CONVERSION = YES;
				GCC_WARN_ABOUT_RETURN_TYPE = YES_ERROR;
				GCC_WARN_UNDECLARED_SELECTOR = YES;
				GCC_WARN_UNINITIALIZED_AUTOS = YES_AGGRESSIVE;
				GCC_WARN_UNUSED_FUNCTION = YES;
				GCC_WARN_UNUSED_VARIABLE = YES;
				IPHONEOS_DEPLOYMENT_TARGET = 16.0;
				MTL_ENABLE_DEBUG_INFO = NO;
				MTL_FAST_MATH = YES;
				SDKROOT = iphoneos;
				SWIFT_COMPILATION_MODE = wholemodule;
				SWIFT_OPTIMIZATION_LEVEL = "-O";
				VALIDATE_PRODUCT = YES;
			};
			name = Release;
		};
		447762DB28EE1AF3005C6502 /* Debug */ = {
			isa = XCBuildConfiguration;
			buildSettings = {
				ASSETCATALOG_COMPILER_APPICON_NAME = AppIcon;
				ASSETCATALOG_COMPILER_GLOBAL_ACCENT_COLOR_NAME = AccentColor;
				CODE_SIGN_STYLE = Automatic;
				CURRENT_PROJECT_VERSION = 1;
				DEVELOPMENT_TEAM = YL9AK3B862;
				GENERATE_INFOPLIST_FILE = YES;
				INFOPLIST_FILE = IceCreamCake/Info.plist;
				INFOPLIST_KEY_UIApplicationSupportsIndirectInputEvents = YES;
				INFOPLIST_KEY_UISupportedInterfaceOrientations_iPad = "UIInterfaceOrientationPortrait UIInterfaceOrientationPortraitUpsideDown UIInterfaceOrientationLandscapeLeft UIInterfaceOrientationLandscapeRight";
				INFOPLIST_KEY_UISupportedInterfaceOrientations_iPhone = "UIInterfaceOrientationPortrait UIInterfaceOrientationLandscapeLeft UIInterfaceOrientationLandscapeRight";
				IPHONEOS_DEPLOYMENT_TARGET = 15.0;
				LD_RUNPATH_SEARCH_PATHS = (
					"$(inherited)",
					"@executable_path/Frameworks",
				);
				MARKETING_VERSION = 1.0;
				PRODUCT_BUNDLE_IDENTIFIER = dev.victorugons.IceCreamCake;
				PRODUCT_NAME = "$(TARGET_NAME)";
				SWIFT_EMIT_LOC_STRINGS = YES;
				SWIFT_VERSION = 5.0;
				TARGETED_DEVICE_FAMILY = "1,2";
			};
			name = Debug;
		};
		447762DC28EE1AF3005C6502 /* Release */ = {
			isa = XCBuildConfiguration;
			buildSettings = {
				ASSETCATALOG_COMPILER_APPICON_NAME = AppIcon;
				ASSETCATALOG_COMPILER_GLOBAL_ACCENT_COLOR_NAME = AccentColor;
				CODE_SIGN_STYLE = Automatic;
				CURRENT_PROJECT_VERSION = 1;
				DEVELOPMENT_TEAM = YL9AK3B862;
				GENERATE_INFOPLIST_FILE = YES;
				INFOPLIST_FILE = IceCreamCake/Info.plist;
				INFOPLIST_KEY_UIApplicationSupportsIndirectInputEvents = YES;
				INFOPLIST_KEY_UISupportedInterfaceOrientations_iPad = "UIInterfaceOrientationPortrait UIInterfaceOrientationPortraitUpsideDown UIInterfaceOrientationLandscapeLeft UIInterfaceOrientationLandscapeRight";
				INFOPLIST_KEY_UISupportedInterfaceOrientations_iPhone = "UIInterfaceOrientationPortrait UIInterfaceOrientationLandscapeLeft UIInterfaceOrientationLandscapeRight";
				IPHONEOS_DEPLOYMENT_TARGET = 15.0;
				LD_RUNPATH_SEARCH_PATHS = (
					"$(inherited)",
					"@executable_path/Frameworks",
				);
				MARKETING_VERSION = 1.0;
				PRODUCT_BUNDLE_IDENTIFIER = dev.victorugons.IceCreamCake;
				PRODUCT_NAME = "$(TARGET_NAME)";
				SWIFT_EMIT_LOC_STRINGS = YES;
				SWIFT_VERSION = 5.0;
				TARGETED_DEVICE_FAMILY = "1,2";
			};
			name = Release;
		};
/* End XCBuildConfiguration section */

/* Begin XCConfigurationList section */
		447762C128EE1AF1005C6502 /* Build configuration list for PBXProject "IceCreamCake" */ = {
			isa = XCConfigurationList;
			buildConfigurations = (
				447762D828EE1AF3005C6502 /* Debug */,
				447762D928EE1AF3005C6502 /* Release */,
			);
			defaultConfigurationIsVisible = 0;
			defaultConfigurationName = Release;
		};
		447762DA28EE1AF3005C6502 /* Build configuration list for PBXNativeTarget "IceCreamCake" */ = {
			isa = XCConfigurationList;
			buildConfigurations = (
				447762DB28EE1AF3005C6502 /* Debug */,
				447762DC28EE1AF3005C6502 /* Release */,
			);
			defaultConfigurationIsVisible = 0;
			defaultConfigurationName = Release;
		};
/* End XCConfigurationList section */

/* Begin XCRemoteSwiftPackageReference section */
		4477E81629174ADB0027A060 /* XCRemoteSwiftPackageReference "Alamofire" */ = {
			isa = XCRemoteSwiftPackageReference;
			repositoryURL = "https://github.com/Alamofire/Alamofire.git";
			requirement = {
				kind = upToNextMajorVersion;
				minimumVersion = 5.6.1;
			};
		};
		44878AF7291B559C0090444A /* XCRemoteSwiftPackageReference "Kingfisher" */ = {
			isa = XCRemoteSwiftPackageReference;
			repositoryURL = "https://github.com/onevcat/Kingfisher.git";
			requirement = {
				kind = upToNextMajorVersion;
				minimumVersion = 7.0.0;
			};
		};
/* End XCRemoteSwiftPackageReference section */

/* Begin XCSwiftPackageProductDependency section */
		4477E81729174ADB0027A060 /* Alamofire */ = {
			isa = XCSwiftPackageProductDependency;
			package = 4477E81629174ADB0027A060 /* XCRemoteSwiftPackageReference "Alamofire" */;
			productName = Alamofire;
		};
		44878AF8291B559C0090444A /* Kingfisher */ = {
			isa = XCSwiftPackageProductDependency;
			package = 44878AF7291B559C0090444A /* XCRemoteSwiftPackageReference "Kingfisher" */;
			productName = Kingfisher;
		};
/* End XCSwiftPackageProductDependency section */

/* Begin XCVersionGroup section */
		85A26D9329BA636700D47823 /* IceCreamCake.xcdatamodeld */ = {
			isa = XCVersionGroup;
			children = (
				85A26D9429BA636700D47823 /* IceCreamCake.xcdatamodel */,
			);
			currentVersion = 85A26D9429BA636700D47823 /* IceCreamCake.xcdatamodel */;
			path = IceCreamCake.xcdatamodeld;
			sourceTree = "<group>";
			versionGroupType = wrapper.xcdatamodel;
		};
/* End XCVersionGroup section */
	};
	rootObject = 447762BE28EE1AF1005C6502 /* Project object */;
}
